
Microsoft Visual Studio Solution File, Format Version 12.00
# Visual Studio Version 17
VisualStudioVersion = 17.8.34525.116
MinimumVisualStudioVersion = 10.0.40219.1
Project("{9A19103F-16F7-4668-BE54-9A1E7A4F7556}") = "Tema1", "Tema1\Tema1.csproj", "{31DE4226-764E-4C13-9C56-B8B064E4E29C}"
EndProject
Project("{9A19103F-16F7-4668-BE54-9A1E7A4F7556}") = "Tema2", "Tema2\Tema2.csproj", "{273DFE70-636C-4028-9B17-7A2672521A5F}"
EndProject
Project("{9A19103F-16F7-4668-BE54-9A1E7A4F7556}") = "Tema3", "Tema3\Tema3.csproj", "{4E28DC6B-0123-42E8-B145-D23917FB62CF}"
EndProject
Project("{9A19103F-16F7-4668-BE54-9A1E7A4F7556}") = "Tema4", "Tema4\Tema4.csproj", "{F10D9507-8DF7-43DE-AA5F-48C4BBD458EA}"
EndProject
Project("{FAE04EC0-301F-11D3-BF4B-00C04F79EFBC}") = "Tema5", "Tema5\Tema5.csproj", "{B90D640A-B5C6-4344-92FA-991D8AC6D2E3}"
EndProject
Global
	GlobalSection(SolutionConfigurationPlatforms) = preSolution
		Debug|Any CPU = Debug|Any CPU
		Release|Any CPU = Release|Any CPU
	EndGlobalSection
	GlobalSection(ProjectConfigurationPlatforms) = postSolution
		{31DE4226-764E-4C13-9C56-B8B064E4E29C}.Debug|Any CPU.ActiveCfg = Debug|Any CPU
		{31DE4226-764E-4C13-9C56-B8B064E4E29C}.Debug|Any CPU.Build.0 = Debug|Any CPU
		{31DE4226-764E-4C13-9C56-B8B064E4E29C}.Release|Any CPU.ActiveCfg = Release|Any CPU
		{31DE4226-764E-4C13-9C56-B8B064E4E29C}.Release|Any CPU.Build.0 = Release|Any CPU
		{273DFE70-636C-4028-9B17-7A2672521A5F}.Debug|Any CPU.ActiveCfg = Debug|Any CPU
		{273DFE70-636C-4028-9B17-7A2672521A5F}.Debug|Any CPU.Build.0 = Debug|Any CPU
		{273DFE70-636C-4028-9B17-7A2672521A5F}.Release|Any CPU.ActiveCfg = Release|Any CPU
		{273DFE70-636C-4028-9B17-7A2672521A5F}.Release|Any CPU.Build.0 = Release|Any CPU
		{4E28DC6B-0123-42E8-B145-D23917FB62CF}.Debug|Any CPU.ActiveCfg = Debug|Any CPU
		{4E28DC6B-0123-42E8-B145-D23917FB62CF}.Debug|Any CPU.Build.0 = Debug|Any CPU
		{4E28DC6B-0123-42E8-B145-D23917FB62CF}.Release|Any CPU.ActiveCfg = Release|Any CPU
		{4E28DC6B-0123-42E8-B145-D23917FB62CF}.Release|Any CPU.Build.0 = Release|Any CPU
		{F10D9507-8DF7-43DE-AA5F-48C4BBD458EA}.Debug|Any CPU.ActiveCfg = Debug|Any CPU
		{F10D9507-8DF7-43DE-AA5F-48C4BBD458EA}.Debug|Any CPU.Build.0 = Debug|Any CPU
		{F10D9507-8DF7-43DE-AA5F-48C4BBD458EA}.Release|Any CPU.ActiveCfg = Release|Any CPU
		{F10D9507-8DF7-43DE-AA5F-48C4BBD458EA}.Release|Any CPU.Build.0 = Release|Any CPU
		{B90D640A-B5C6-4344-92FA-991D8AC6D2E3}.Debug|Any CPU.ActiveCfg = Debug|Any CPU
		{B90D640A-B5C6-4344-92FA-991D8AC6D2E3}.Debug|Any CPU.Build.0 = Debug|Any CPU
		{B90D640A-B5C6-4344-92FA-991D8AC6D2E3}.Release|Any CPU.ActiveCfg = Release|Any CPU
		{B90D640A-B5C6-4344-92FA-991D8AC6D2E3}.Release|Any CPU.Build.0 = Release|Any CPU
	EndGlobalSection
	GlobalSection(SolutionProperties) = preSolution
		HideSolutionNode = FALSE
	EndGlobalSection
	GlobalSection(ExtensibilityGlobals) = postSolution
		SolutionGuid = {5520610E-342F-4840-B1B7-585BC0612FF8}
	EndGlobalSection
EndGlobal
